
Microsoft Visual Studio Solution File, Format Version 12.00
# Visual Studio 14
VisualStudioVersion = 14.0.25420.1
MinimumVisualStudioVersion = 10.0.40219.1
Project("{FAE04EC0-301F-11D3-BF4B-00C04F79EFBC}") = "SOAP_Application", "SOAP_Application\SOAP_Application.csproj", "{FA7BC9E8-A4A8-436E-BDA4-3CD3D46720D9}"
EndProject
Project("{FAE04EC0-301F-11D3-BF4B-00C04F79EFBC}") = "SOAP_Application_Test_Project", "SOAP_Application_Test_Project\SOAP_Application_Test_Project.csproj", "{F433A6BC-3385-4D18-939C-3792A15453F9}"
EndProject
Global
	GlobalSection(SolutionConfigurationPlatforms) = preSolution
		Debug|Any CPU = Debug|Any CPU
		Release|Any CPU = Release|Any CPU
	EndGlobalSection
	GlobalSection(ProjectConfigurationPlatforms) = postSolution
		{FA7BC9E8-A4A8-436E-BDA4-3CD3D46720D9}.Debug|Any CPU.ActiveCfg = Debug|Any CPU
		{FA7BC9E8-A4A8-436E-BDA4-3CD3D46720D9}.Debug|Any CPU.Build.0 = Debug|Any CPU
		{FA7BC9E8-A4A8-436E-BDA4-3CD3D46720D9}.Release|Any CPU.ActiveCfg = Release|Any CPU
		{FA7BC9E8-A4A8-436E-BDA4-3CD3D46720D9}.Release|Any CPU.Build.0 = Release|Any CPU
		{F433A6BC-3385-4D18-939C-3792A15453F9}.Debug|Any CPU.ActiveCfg = Debug|Any CPU
		{F433A6BC-3385-4D18-939C-3792A15453F9}.Debug|Any CPU.Build.0 = Debug|Any CPU
		{F433A6BC-3385-4D18-939C-3792A15453F9}.Release|Any CPU.ActiveCfg = Release|Any CPU
		{F433A6BC-3385-4D18-939C-3792A15453F9}.Release|Any CPU.Build.0 = Release|Any CPU
	EndGlobalSection
	GlobalSection(SolutionProperties) = preSolution
		HideSolutionNode = FALSE
	EndGlobalSection
EndGlobal
